
Microsoft Visual Studio Solution File, Format Version 12.00
Project("{FAE04EC0-301F-11D3-BF4B-00C04F79EFBC}") = "01_MagicAutoMapper", "01_MagicAutoMapper\01_MagicAutoMapper.csproj", "{BD0D95C6-C9B2-46AC-90F5-BEACD09F2B51}"
EndProject
Project("{FAE04EC0-301F-11D3-BF4B-00C04F79EFBC}") = "02_MagicCustomMapper", "02_MagicCustomMapper\02_MagicCustomMapper.csproj", "{8C1B0E82-4F9D-492C-9821-9189F239FF1D}"
EndProject
Project("{FAE04EC0-301F-11D3-BF4B-00C04F79EFBC}") = "03_MagicValidation", "03_MagicValidation\03_MagicValidation.csproj", "{32F416E0-460E-4C8F-9E4A-E5494213D0C5}"
EndProject
Project("{FAE04EC0-301F-11D3-BF4B-00C04F79EFBC}") = "04_MagicCustomValidation", "04_MagicCustomValidation\04_MagicCustomValidation.csproj", "{C1CFC3EE-25A5-40DA-93E9-7A20F82B544A}"
EndProject
Project("{FAE04EC0-301F-11D3-BF4B-00C04F79EFBC}") = "05_Exceptions", "05_Exceptions\05_Exceptions.csproj", "{139D7C93-BD84-4E41-8537-622AB672BD7B}"
EndProject
Project("{FAE04EC0-301F-11D3-BF4B-00C04F79EFBC}") = "06_Exceptions_Catchers", "06_Exceptions_Catchers\06_Exceptions_Catchers.csproj", "{94126B6C-C934-4ECD-91FA-73DBCEBBB198}"
EndProject
Project("{FAE04EC0-301F-11D3-BF4B-00C04F79EFBC}") = "07_Railway_Oriented", "07_Railway_Oriented\07_Railway_Oriented.csproj", "{3FE8BA79-C00C-4DC1-81C3-A092593C8686}"
EndProject
Global
	GlobalSection(SolutionConfigurationPlatforms) = preSolution
		Debug|Any CPU = Debug|Any CPU
		Release|Any CPU = Release|Any CPU
	EndGlobalSection
	GlobalSection(ProjectConfigurationPlatforms) = postSolution
		{BD0D95C6-C9B2-46AC-90F5-BEACD09F2B51}.Debug|Any CPU.ActiveCfg = Debug|Any CPU
		{BD0D95C6-C9B2-46AC-90F5-BEACD09F2B51}.Debug|Any CPU.Build.0 = Debug|Any CPU
		{BD0D95C6-C9B2-46AC-90F5-BEACD09F2B51}.Release|Any CPU.ActiveCfg = Release|Any CPU
		{BD0D95C6-C9B2-46AC-90F5-BEACD09F2B51}.Release|Any CPU.Build.0 = Release|Any CPU
		{8C1B0E82-4F9D-492C-9821-9189F239FF1D}.Debug|Any CPU.ActiveCfg = Debug|Any CPU
		{8C1B0E82-4F9D-492C-9821-9189F239FF1D}.Debug|Any CPU.Build.0 = Debug|Any CPU
		{8C1B0E82-4F9D-492C-9821-9189F239FF1D}.Release|Any CPU.ActiveCfg = Release|Any CPU
		{8C1B0E82-4F9D-492C-9821-9189F239FF1D}.Release|Any CPU.Build.0 = Release|Any CPU
		{32F416E0-460E-4C8F-9E4A-E5494213D0C5}.Debug|Any CPU.ActiveCfg = Debug|Any CPU
		{32F416E0-460E-4C8F-9E4A-E5494213D0C5}.Debug|Any CPU.Build.0 = Debug|Any CPU
		{32F416E0-460E-4C8F-9E4A-E5494213D0C5}.Release|Any CPU.ActiveCfg = Release|Any CPU
		{32F416E0-460E-4C8F-9E4A-E5494213D0C5}.Release|Any CPU.Build.0 = Release|Any CPU
		{C1CFC3EE-25A5-40DA-93E9-7A20F82B544A}.Debug|Any CPU.ActiveCfg = Debug|Any CPU
		{C1CFC3EE-25A5-40DA-93E9-7A20F82B544A}.Debug|Any CPU.Build.0 = Debug|Any CPU
		{C1CFC3EE-25A5-40DA-93E9-7A20F82B544A}.Release|Any CPU.ActiveCfg = Release|Any CPU
		{C1CFC3EE-25A5-40DA-93E9-7A20F82B544A}.Release|Any CPU.Build.0 = Release|Any CPU
		{139D7C93-BD84-4E41-8537-622AB672BD7B}.Debug|Any CPU.ActiveCfg = Debug|Any CPU
		{139D7C93-BD84-4E41-8537-622AB672BD7B}.Debug|Any CPU.Build.0 = Debug|Any CPU
		{139D7C93-BD84-4E41-8537-622AB672BD7B}.Release|Any CPU.ActiveCfg = Release|Any CPU
		{139D7C93-BD84-4E41-8537-622AB672BD7B}.Release|Any CPU.Build.0 = Release|Any CPU
		{94126B6C-C934-4ECD-91FA-73DBCEBBB198}.Debug|Any CPU.ActiveCfg = Debug|Any CPU
		{94126B6C-C934-4ECD-91FA-73DBCEBBB198}.Debug|Any CPU.Build.0 = Debug|Any CPU
		{94126B6C-C934-4ECD-91FA-73DBCEBBB198}.Release|Any CPU.ActiveCfg = Release|Any CPU
		{94126B6C-C934-4ECD-91FA-73DBCEBBB198}.Release|Any CPU.Build.0 = Release|Any CPU
		{3FE8BA79-C00C-4DC1-81C3-A092593C8686}.Debug|Any CPU.ActiveCfg = Debug|Any CPU
		{3FE8BA79-C00C-4DC1-81C3-A092593C8686}.Debug|Any CPU.Build.0 = Debug|Any CPU
		{3FE8BA79-C00C-4DC1-81C3-A092593C8686}.Release|Any CPU.ActiveCfg = Release|Any CPU
		{3FE8BA79-C00C-4DC1-81C3-A092593C8686}.Release|Any CPU.Build.0 = Release|Any CPU
	EndGlobalSection
	GlobalSection(NestedProjects) = preSolution
	EndGlobalSection
EndGlobal
